
Microsoft Visual Studio Solution File, Format Version 12.00
# Visual Studio Version 16
VisualStudioVersion = 16.0.29403.142
MinimumVisualStudioVersion = 10.0.40219.1
Project("{9A19103F-16F7-4668-BE54-9A1E7A4F7556}") = "Library.Tests", "Library.Tests\Library.Tests.csproj", "{02CD826F-A91D-43B3-994E-6A8614446AEE}"
EndProject
Project("{9A19103F-16F7-4668-BE54-9A1E7A4F7556}") = "Library.Api", "Library.Api\Library.Api.csproj", "{754566E9-8E8F-40AB-A6CD-75AF5AAEEB9C}"
EndProject
Project("{2150E333-8FDC-42A3-9474-1A3956D46DE8}") = "1 - Aplication", "1 - Aplication", "{489535E8-36EC-4A9B-A789-ABEB1D6555CA}"
EndProject
Project("{2150E333-8FDC-42A3-9474-1A3956D46DE8}") = "2 - Domain", "2 - Domain", "{872C892C-3470-4FEA-87AA-E3D7334357A2}"
EndProject
Project("{9A19103F-16F7-4668-BE54-9A1E7A4F7556}") = "Library.Domain", "Library.Domain\Library.Domain.csproj", "{68A67323-CE67-4A43-A69F-59A3112BF05B}"
EndProject
Project("{2150E333-8FDC-42A3-9474-1A3956D46DE8}") = "3 - Service", "3 - Service", "{555EB449-7E40-417F-8CAE-E2DB86A965DA}"
EndProject
Project("{9A19103F-16F7-4668-BE54-9A1E7A4F7556}") = "Library.Service", "Library.Service\Library.Service.csproj", "{EEBB991C-F713-42B8-97FA-5182FF0D7CCC}"
EndProject
Project("{2150E333-8FDC-42A3-9474-1A3956D46DE8}") = "4 - Infra", "4 - Infra", "{7D9A0927-C5AB-4943-8B1F-F8500BCEA74A}"
EndProject
Project("{2150E333-8FDC-42A3-9474-1A3956D46DE8}") = "4.1 - Data", "4.1 - Data", "{A8070F60-C6CC-4961-92CF-1D9FE523DFE7}"
EndProject
Project("{2150E333-8FDC-42A3-9474-1A3956D46DE8}") = "4.2 - CrossCutting", "4.2 - CrossCutting", "{55892F65-115A-4F76-826E-0DB7AF91582F}"
EndProject
Project("{2150E333-8FDC-42A3-9474-1A3956D46DE8}") = "4.3 - Shared", "4.3 - Shared", "{51BDA7E7-ABBF-4C90-8EBD-C1618B0208C7}"
EndProject
Project("{9A19103F-16F7-4668-BE54-9A1E7A4F7556}") = "Library.Infra.CrossCutting", "Library.Infra.CrossCutting\Library.Infra.CrossCutting.csproj", "{81845F97-ECA7-4204-9353-41F01E64ED72}"
EndProject
Project("{9A19103F-16F7-4668-BE54-9A1E7A4F7556}") = "Library.Infra.Data", "Library.Infra.Data\Library.Infra.Data.csproj", "{7D5008D3-313A-4BB9-A5C4-C7F46B5DC070}"
EndProject
Project("{2150E333-8FDC-42A3-9474-1A3956D46DE8}") = "5 - Tests", "5 - Tests", "{58230824-37F0-47DB-8C3A-A96A6F5D912B}"
EndProject
Project("{9A19103F-16F7-4668-BE54-9A1E7A4F7556}") = "Infra.Shared", "Library.Infra.Shared\Infra.Shared.csproj", "{8A7BD037-A81A-4E8A-83D8-706DBF5139A4}"
EndProject
Global
	GlobalSection(SolutionConfigurationPlatforms) = preSolution
		Debug|Any CPU = Debug|Any CPU
		Release|Any CPU = Release|Any CPU
	EndGlobalSection
	GlobalSection(ProjectConfigurationPlatforms) = postSolution
		{02CD826F-A91D-43B3-994E-6A8614446AEE}.Debug|Any CPU.ActiveCfg = Debug|Any CPU
		{02CD826F-A91D-43B3-994E-6A8614446AEE}.Debug|Any CPU.Build.0 = Debug|Any CPU
		{02CD826F-A91D-43B3-994E-6A8614446AEE}.Release|Any CPU.ActiveCfg = Release|Any CPU
		{02CD826F-A91D-43B3-994E-6A8614446AEE}.Release|Any CPU.Build.0 = Release|Any CPU
		{754566E9-8E8F-40AB-A6CD-75AF5AAEEB9C}.Debug|Any CPU.ActiveCfg = Debug|Any CPU
		{754566E9-8E8F-40AB-A6CD-75AF5AAEEB9C}.Debug|Any CPU.Build.0 = Debug|Any CPU
		{754566E9-8E8F-40AB-A6CD-75AF5AAEEB9C}.Release|Any CPU.ActiveCfg = Release|Any CPU
		{754566E9-8E8F-40AB-A6CD-75AF5AAEEB9C}.Release|Any CPU.Build.0 = Release|Any CPU
		{68A67323-CE67-4A43-A69F-59A3112BF05B}.Debug|Any CPU.ActiveCfg = Debug|Any CPU
		{68A67323-CE67-4A43-A69F-59A3112BF05B}.Debug|Any CPU.Build.0 = Debug|Any CPU
		{68A67323-CE67-4A43-A69F-59A3112BF05B}.Release|Any CPU.ActiveCfg = Release|Any CPU
		{68A67323-CE67-4A43-A69F-59A3112BF05B}.Release|Any CPU.Build.0 = Release|Any CPU
		{EEBB991C-F713-42B8-97FA-5182FF0D7CCC}.Debug|Any CPU.ActiveCfg = Debug|Any CPU
		{EEBB991C-F713-42B8-97FA-5182FF0D7CCC}.Debug|Any CPU.Build.0 = Debug|Any CPU
		{EEBB991C-F713-42B8-97FA-5182FF0D7CCC}.Release|Any CPU.ActiveCfg = Release|Any CPU
		{EEBB991C-F713-42B8-97FA-5182FF0D7CCC}.Release|Any CPU.Build.0 = Release|Any CPU
		{81845F97-ECA7-4204-9353-41F01E64ED72}.Debug|Any CPU.ActiveCfg = Debug|Any CPU
		{81845F97-ECA7-4204-9353-41F01E64ED72}.Debug|Any CPU.Build.0 = Debug|Any CPU
		{81845F97-ECA7-4204-9353-41F01E64ED72}.Release|Any CPU.ActiveCfg = Release|Any CPU
		{81845F97-ECA7-4204-9353-41F01E64ED72}.Release|Any CPU.Build.0 = Release|Any CPU
		{7D5008D3-313A-4BB9-A5C4-C7F46B5DC070}.Debug|Any CPU.ActiveCfg = Debug|Any CPU
		{7D5008D3-313A-4BB9-A5C4-C7F46B5DC070}.Debug|Any CPU.Build.0 = Debug|Any CPU
		{7D5008D3-313A-4BB9-A5C4-C7F46B5DC070}.Release|Any CPU.ActiveCfg = Release|Any CPU
		{7D5008D3-313A-4BB9-A5C4-C7F46B5DC070}.Release|Any CPU.Build.0 = Release|Any CPU
		{8A7BD037-A81A-4E8A-83D8-706DBF5139A4}.Debug|Any CPU.ActiveCfg = Debug|Any CPU
		{8A7BD037-A81A-4E8A-83D8-706DBF5139A4}.Debug|Any CPU.Build.0 = Debug|Any CPU
		{8A7BD037-A81A-4E8A-83D8-706DBF5139A4}.Release|Any CPU.ActiveCfg = Release|Any CPU
		{8A7BD037-A81A-4E8A-83D8-706DBF5139A4}.Release|Any CPU.Build.0 = Release|Any CPU
	EndGlobalSection
	GlobalSection(SolutionProperties) = preSolution
		HideSolutionNode = FALSE
	EndGlobalSection
	GlobalSection(NestedProjects) = preSolution
		{02CD826F-A91D-43B3-994E-6A8614446AEE} = {58230824-37F0-47DB-8C3A-A96A6F5D912B}
		{754566E9-8E8F-40AB-A6CD-75AF5AAEEB9C} = {489535E8-36EC-4A9B-A789-ABEB1D6555CA}
		{68A67323-CE67-4A43-A69F-59A3112BF05B} = {872C892C-3470-4FEA-87AA-E3D7334357A2}
		{EEBB991C-F713-42B8-97FA-5182FF0D7CCC} = {555EB449-7E40-417F-8CAE-E2DB86A965DA}
		{A8070F60-C6CC-4961-92CF-1D9FE523DFE7} = {7D9A0927-C5AB-4943-8B1F-F8500BCEA74A}
		{55892F65-115A-4F76-826E-0DB7AF91582F} = {7D9A0927-C5AB-4943-8B1F-F8500BCEA74A}
		{51BDA7E7-ABBF-4C90-8EBD-C1618B0208C7} = {7D9A0927-C5AB-4943-8B1F-F8500BCEA74A}
		{81845F97-ECA7-4204-9353-41F01E64ED72} = {55892F65-115A-4F76-826E-0DB7AF91582F}
		{7D5008D3-313A-4BB9-A5C4-C7F46B5DC070} = {A8070F60-C6CC-4961-92CF-1D9FE523DFE7}
		{8A7BD037-A81A-4E8A-83D8-706DBF5139A4} = {51BDA7E7-ABBF-4C90-8EBD-C1618B0208C7}
	EndGlobalSection
	GlobalSection(ExtensibilityGlobals) = postSolution
		SolutionGuid = {170F5129-ABB1-4E24-A5D5-C773264A8815}
	EndGlobalSection
EndGlobal
